
Microsoft Visual Studio Solution File, Format Version 12.00
# Visual Studio Version 16
VisualStudioVersion = 16.0.30413.136
MinimumVisualStudioVersion = 10.0.40219.1
Project("{9A19103F-16F7-4668-BE54-9A1E7A4F7556}") = "MVC", "MVC\MVC.csproj", "{7C21B0C0-2965-4809-B6B4-D0602754FD68}"
EndProject
Project("{9A19103F-16F7-4668-BE54-9A1E7A4F7556}") = "Models", "Models\Models.csproj", "{94851188-B512-4C73-A65F-325CB744A523}"
EndProject
Project("{9A19103F-16F7-4668-BE54-9A1E7A4F7556}") = "Data", "Data\Data.csproj", "{1F2D4C44-1B81-41D2-AC45-F6CD95645014}"
EndProject
Project("{9A19103F-16F7-4668-BE54-9A1E7A4F7556}") = "Repository", "Repository\Repository.csproj", "{03EDCCFC-35EE-49A2-8EE4-D7F4CE54098E}"
EndProject
Project("{9A19103F-16F7-4668-BE54-9A1E7A4F7556}") = "Logic", "Logic\Logic.csproj", "{DB0C2D97-85BD-4345-8C8A-FBBAD94F5ECC}"
EndProject
Project("{9A19103F-16F7-4668-BE54-9A1E7A4F7556}") = "Logic.Tests", "Logic.Tests\Logic.Tests.csproj", "{8415AAC4-0E2E-4E7C-A3AA-45CFE10F2722}"
EndProject
Project("{9A19103F-16F7-4668-BE54-9A1E7A4F7556}") = "WebApi", "WebApi\WebApi.csproj", "{92604BC6-B956-4215-9279-BD4C6E08276C}"
EndProject
Global
	GlobalSection(SolutionConfigurationPlatforms) = preSolution
		Debug|Any CPU = Debug|Any CPU
		Release|Any CPU = Release|Any CPU
	EndGlobalSection
	GlobalSection(ProjectConfigurationPlatforms) = postSolution
		{7C21B0C0-2965-4809-B6B4-D0602754FD68}.Debug|Any CPU.ActiveCfg = Debug|Any CPU
		{7C21B0C0-2965-4809-B6B4-D0602754FD68}.Debug|Any CPU.Build.0 = Debug|Any CPU
		{7C21B0C0-2965-4809-B6B4-D0602754FD68}.Release|Any CPU.ActiveCfg = Release|Any CPU
		{7C21B0C0-2965-4809-B6B4-D0602754FD68}.Release|Any CPU.Build.0 = Release|Any CPU
		{94851188-B512-4C73-A65F-325CB744A523}.Debug|Any CPU.ActiveCfg = Debug|Any CPU
		{94851188-B512-4C73-A65F-325CB744A523}.Debug|Any CPU.Build.0 = Debug|Any CPU
		{94851188-B512-4C73-A65F-325CB744A523}.Release|Any CPU.ActiveCfg = Release|Any CPU
		{94851188-B512-4C73-A65F-325CB744A523}.Release|Any CPU.Build.0 = Release|Any CPU
		{1F2D4C44-1B81-41D2-AC45-F6CD95645014}.Debug|Any CPU.ActiveCfg = Debug|Any CPU
		{1F2D4C44-1B81-41D2-AC45-F6CD95645014}.Debug|Any CPU.Build.0 = Debug|Any CPU
		{1F2D4C44-1B81-41D2-AC45-F6CD95645014}.Release|Any CPU.ActiveCfg = Release|Any CPU
		{1F2D4C44-1B81-41D2-AC45-F6CD95645014}.Release|Any CPU.Build.0 = Release|Any CPU
		{03EDCCFC-35EE-49A2-8EE4-D7F4CE54098E}.Debug|Any CPU.ActiveCfg = Debug|Any CPU
		{03EDCCFC-35EE-49A2-8EE4-D7F4CE54098E}.Debug|Any CPU.Build.0 = Debug|Any CPU
		{03EDCCFC-35EE-49A2-8EE4-D7F4CE54098E}.Release|Any CPU.ActiveCfg = Release|Any CPU
		{03EDCCFC-35EE-49A2-8EE4-D7F4CE54098E}.Release|Any CPU.Build.0 = Release|Any CPU
		{DB0C2D97-85BD-4345-8C8A-FBBAD94F5ECC}.Debug|Any CPU.ActiveCfg = Debug|Any CPU
		{DB0C2D97-85BD-4345-8C8A-FBBAD94F5ECC}.Debug|Any CPU.Build.0 = Debug|Any CPU
		{DB0C2D97-85BD-4345-8C8A-FBBAD94F5ECC}.Release|Any CPU.ActiveCfg = Release|Any CPU
		{DB0C2D97-85BD-4345-8C8A-FBBAD94F5ECC}.Release|Any CPU.Build.0 = Release|Any CPU
		{8415AAC4-0E2E-4E7C-A3AA-45CFE10F2722}.Debug|Any CPU.ActiveCfg = Debug|Any CPU
		{8415AAC4-0E2E-4E7C-A3AA-45CFE10F2722}.Debug|Any CPU.Build.0 = Debug|Any CPU
		{8415AAC4-0E2E-4E7C-A3AA-45CFE10F2722}.Release|Any CPU.ActiveCfg = Release|Any CPU
		{8415AAC4-0E2E-4E7C-A3AA-45CFE10F2722}.Release|Any CPU.Build.0 = Release|Any CPU
		{92604BC6-B956-4215-9279-BD4C6E08276C}.Debug|Any CPU.ActiveCfg = Debug|Any CPU
		{92604BC6-B956-4215-9279-BD4C6E08276C}.Debug|Any CPU.Build.0 = Debug|Any CPU
		{92604BC6-B956-4215-9279-BD4C6E08276C}.Release|Any CPU.ActiveCfg = Release|Any CPU
		{92604BC6-B956-4215-9279-BD4C6E08276C}.Release|Any CPU.Build.0 = Release|Any CPU
	EndGlobalSection
	GlobalSection(SolutionProperties) = preSolution
		HideSolutionNode = FALSE
	EndGlobalSection
	GlobalSection(ExtensibilityGlobals) = postSolution
		SolutionGuid = {C69057A0-2E1C-4166-B79F-E735B001B7A4}
	EndGlobalSection
EndGlobal
